
Microsoft Visual Studio Solution File, Format Version 12.00
# Visual Studio Version 17
VisualStudioVersion = 17.8.34408.163
MinimumVisualStudioVersion = 10.0.40219.1
Project("{FAE04EC0-301F-11D3-BF4B-00C04F79EFBC}") = "Runpay.API", "Runpay.API\Runpay.API.csproj", "{338385BD-CE6D-4EA3-9C72-6A9789EBEDBB}"
EndProject
Global
	GlobalSection(SolutionConfigurationPlatforms) = preSolution
		Debug|Any CPU = Debug|Any CPU
		Release|Any CPU = Release|Any CPU
	EndGlobalSection
	GlobalSection(ProjectConfigurationPlatforms) = postSolution
		{338385BD-CE6D-4EA3-9C72-6A9789EBEDBB}.Debug|Any CPU.ActiveCfg = Debug|Any CPU
		{338385BD-CE6D-4EA3-9C72-6A9789EBEDBB}.Debug|Any CPU.Build.0 = Debug|Any CPU
		{338385BD-CE6D-4EA3-9C72-6A9789EBEDBB}.Release|Any CPU.ActiveCfg = Release|Any CPU
		{338385BD-CE6D-4EA3-9C72-6A9789EBEDBB}.Release|Any CPU.Build.0 = Release|Any CPU
	EndGlobalSection
	GlobalSection(SolutionProperties) = preSolution
		HideSolutionNode = FALSE
	EndGlobalSection
	GlobalSection(ExtensibilityGlobals) = postSolution
		SolutionGuid = {9707EDA5-3746-407E-897A-C50922B53E5C}
	EndGlobalSection
EndGlobal
